
Microsoft Visual Studio Solution File, Format Version 12.00
# Visual Studio 15
Project("{FAE04EC0-301F-11D3-BF4B-00C04F79EFBC}") = "Assembly-CSharp", "Assembly-CSharp.csproj", "{98623573-5385-43D2-624A-429EDBD0B2A1}"
EndProject
Global
	GlobalSection(SolutionConfigurationPlatforms) = preSolution
		Debug|Any CPU = Debug|Any CPU
		Release|Any CPU = Release|Any CPU
	EndGlobalSection
	GlobalSection(ProjectConfigurationPlatforms) = postSolution
		{98623573-5385-43D2-624A-429EDBD0B2A1}.Debug|Any CPU.ActiveCfg = Debug|Any CPU
		{98623573-5385-43D2-624A-429EDBD0B2A1}.Debug|Any CPU.Build.0 = Debug|Any CPU
		{98623573-5385-43D2-624A-429EDBD0B2A1}.Release|Any CPU.ActiveCfg = Release|Any CPU
		{98623573-5385-43D2-624A-429EDBD0B2A1}.Release|Any CPU.Build.0 = Release|Any CPU
	EndGlobalSection
	GlobalSection(SolutionProperties) = preSolution
		HideSolutionNode = FALSE
	EndGlobalSection
EndGlobal
